
Microsoft Visual Studio Solution File, Format Version 12.00
# Visual Studio Version 17
VisualStudioVersion = 17.13.35919.96 d17.13
MinimumVisualStudioVersion = 10.0.40219.1
Project("{FAE04EC0-301F-11D3-BF4B-00C04F79EFBC}") = "WpfApp001", "WpfApp001\WpfApp001.csproj", "{369DC8B3-CAE9-4A94-9D19-885C47977CD7}"
EndProject
Global
	GlobalSection(SolutionConfigurationPlatforms) = preSolution
		Debug|Any CPU = Debug|Any CPU
		Release|Any CPU = Release|Any CPU
	EndGlobalSection
	GlobalSection(ProjectConfigurationPlatforms) = postSolution
		{369DC8B3-CAE9-4A94-9D19-885C47977CD7}.Debug|Any CPU.ActiveCfg = Debug|Any CPU
		{369DC8B3-CAE9-4A94-9D19-885C47977CD7}.Debug|Any CPU.Build.0 = Debug|Any CPU
		{369DC8B3-CAE9-4A94-9D19-885C47977CD7}.Release|Any CPU.ActiveCfg = Release|Any CPU
		{369DC8B3-CAE9-4A94-9D19-885C47977CD7}.Release|Any CPU.Build.0 = Release|Any CPU
	EndGlobalSection
	GlobalSection(SolutionProperties) = preSolution
		HideSolutionNode = FALSE
	EndGlobalSection
	GlobalSection(ExtensibilityGlobals) = postSolution
		SolutionGuid = {43B2EE74-3B3F-4358-AAD4-87E26F082F06}
	EndGlobalSection
EndGlobal
